// !$*UTF8*$!
{
	archiveVersion = 1;
	classes = {
	};
	objectVersion = 46;
	objects = {

/* Begin PBXBuildFile section */
		8BFD5D8F1CBFBBC80040EC2B /* Controller.cpp in Sources */ = {isa = PBXBuildFile; fileRef = 8BFD5D6F1CBFBBC80040EC2B /* Controller.cpp */; };
		8BFD5D901CBFBBC80040EC2B /* Cruise_ship.cpp in Sources */ = {isa = PBXBuildFile; fileRef = 8BFD5D711CBFBBC80040EC2B /* Cruise_ship.cpp */; };
		8BFD5D911CBFBBC80040EC2B /* Geometry.cpp in Sources */ = {isa = PBXBuildFile; fileRef = 8BFD5D741CBFBBC80040EC2B /* Geometry.cpp */; };
		8BFD5D921CBFBBC80040EC2B /* Island.cpp in Sources */ = {isa = PBXBuildFile; fileRef = 8BFD5D761CBFBBC80040EC2B /* Island.cpp */; };
		8BFD5D931CBFBBC80040EC2B /* Model.cpp in Sources */ = {isa = PBXBuildFile; fileRef = 8BFD5D781CBFBBC80040EC2B /* Model.cpp */; };
		8BFD5D941CBFBBC80040EC2B /* Navigation.cpp in Sources */ = {isa = PBXBuildFile; fileRef = 8BFD5D7A1CBFBBC80040EC2B /* Navigation.cpp */; };
		8BFD5D951CBFBBC80040EC2B /* p6_main.cpp in Sources */ = {isa = PBXBuildFile; fileRef = 8BFD5D7C1CBFBBC80040EC2B /* p6_main.cpp */; };
		8BFD5D961CBFBBC80040EC2B /* Ship_factory.cpp in Sources */ = {isa = PBXBuildFile; fileRef = 8BFD5D7D1CBFBBC80040EC2B /* Ship_factory.cpp */; };
		8BFD5D971CBFBBC80040EC2B /* Ship.cpp in Sources */ = {isa = PBXBuildFile; fileRef = 8BFD5D7F1CBFBBC80040EC2B /* Ship.cpp */; };
		8BFD5D981CBFBBC80040EC2B /* Sim_object.cpp in Sources */ = {isa = PBXBuildFile; fileRef = 8BFD5D811CBFBBC80040EC2B /* Sim_object.cpp */; };
		8BFD5D991CBFBBC80040EC2B /* Tanker.cpp in Sources */ = {isa = PBXBuildFile; fileRef = 8BFD5D831CBFBBC80040EC2B /* Tanker.cpp */; };
		8BFD5D9A1CBFBBC80040EC2B /* Track_base.cpp in Sources */ = {isa = PBXBuildFile; fileRef = 8BFD5D851CBFBBC80040EC2B /* Track_base.cpp */; };
		8BFD5D9B1CBFBBC80040EC2B /* Utility.cpp in Sources */ = {isa = PBXBuildFile; fileRef = 8BFD5D871CBFBBC80040EC2B /* Utility.cpp */; };
		8BFD5D9C1CBFBBC80040EC2B /* View.cpp in Sources */ = {isa = PBXBuildFile; fileRef = 8BFD5D891CBFBBC80040EC2B /* View.cpp */; };
		8BFD5D9E1CBFBBC80040EC2B /* Warships.cpp in Sources */ = {isa = PBXBuildFile; fileRef = 8BFD5D8D1CBFBBC80040EC2B /* Warships.cpp */; };
		8BFD5DA11CC15F120040EC2B /* Commandable.cpp in Sources */ = {isa = PBXBuildFile; fileRef = 8BFD5D9F1CC15F120040EC2B /* Commandable.cpp */; };
		8BFD5DA71CC2DEDE0040EC2B /* Group.cpp in Sources */ = {isa = PBXBuildFile; fileRef = 8BFD5DA61CC2DEDE0040EC2B /* Group.cpp */; };
		EFED8BCB1CC31F9E005D22D3 /* Refuel_ship.cpp in Sources */ = {isa = PBXBuildFile; fileRef = EFED8BC91CC31F9E005D22D3 /* Refuel_ship.cpp */; };
		EFED8BCE1CC48DFF005D22D3 /* Grid_view.cpp in Sources */ = {isa = PBXBuildFile; fileRef = EFED8BCC1CC48DFF005D22D3 /* Grid_view.cpp */; };
		EFED8BD21CC48E58005D22D3 /* Map_view.cpp in Sources */ = {isa = PBXBuildFile; fileRef = EFED8BD01CC48E58005D22D3 /* Map_view.cpp */; };
		EFED8BD51CC48EC4005D22D3 /* Bridge_view.cpp in Sources */ = {isa = PBXBuildFile; fileRef = EFED8BD31CC48EC4005D22D3 /* Bridge_view.cpp */; };
		EFED8BD81CC48F35005D22D3 /* GPS_view.cpp in Sources */ = {isa = PBXBuildFile; fileRef = EFED8BD61CC48F35005D22D3 /* GPS_view.cpp */; };
		EFED8BDB1CC48FE4005D22D3 /* Sailing_view.cpp in Sources */ = {isa = PBXBuildFile; fileRef = EFED8BD91CC48FE4005D22D3 /* Sailing_view.cpp */; };
/* End PBXBuildFile section */

/* Begin PBXCopyFilesBuildPhase section */
		8BFD5D5F1CBF05DF0040EC2B /* CopyFiles */ = {
			isa = PBXCopyFilesBuildPhase;
			buildActionMask = 2147483647;
			dstPath = /usr/share/man/man1/;
			dstSubfolderSpec = 0;
			files = (
			);
			runOnlyForDeploymentPostprocessing = 1;
		};
/* End PBXCopyFilesBuildPhase section */

/* Begin PBXFileReference section */
		8BFD5D611CBF05DF0040EC2B /* project6 */ = {isa = PBXFileReference; explicitFileType = "compiled.mach-o.executable"; includeInIndex = 0; path = project6; sourceTree = BUILT_PRODUCTS_DIR; };
		8BFD5D6F1CBFBBC80040EC2B /* Controller.cpp */ = {isa = PBXFileReference; fileEncoding = 4; lastKnownFileType = sourcecode.cpp.cpp; path = Controller.cpp; sourceTree = "<group>"; };
		8BFD5D701CBFBBC80040EC2B /* Controller.h */ = {isa = PBXFileReference; fileEncoding = 4; lastKnownFileType = sourcecode.c.h; path = Controller.h; sourceTree = "<group>"; };
		8BFD5D711CBFBBC80040EC2B /* Cruise_ship.cpp */ = {isa = PBXFileReference; fileEncoding = 4; lastKnownFileType = sourcecode.cpp.cpp; path = Cruise_ship.cpp; sourceTree = "<group>"; };
		8BFD5D721CBFBBC80040EC2B /* Cruise_ship.h */ = {isa = PBXFileReference; fileEncoding = 4; lastKnownFileType = sourcecode.c.h; path = Cruise_ship.h; sourceTree = "<group>"; };
		8BFD5D731CBFBBC80040EC2B /* debug.sh */ = {isa = PBXFileReference; fileEncoding = 4; lastKnownFileType = text.script.sh; path = debug.sh; sourceTree = "<group>"; };
		8BFD5D741CBFBBC80040EC2B /* Geometry.cpp */ = {isa = PBXFileReference; fileEncoding = 4; lastKnownFileType = sourcecode.cpp.cpp; path = Geometry.cpp; sourceTree = "<group>"; };
		8BFD5D751CBFBBC80040EC2B /* Geometry.h */ = {isa = PBXFileReference; fileEncoding = 4; lastKnownFileType = sourcecode.c.h; path = Geometry.h; sourceTree = "<group>"; };
		8BFD5D761CBFBBC80040EC2B /* Island.cpp */ = {isa = PBXFileReference; fileEncoding = 4; lastKnownFileType = sourcecode.cpp.cpp; path = Island.cpp; sourceTree = "<group>"; };
		8BFD5D771CBFBBC80040EC2B /* Island.h */ = {isa = PBXFileReference; fileEncoding = 4; lastKnownFileType = sourcecode.c.h; path = Island.h; sourceTree = "<group>"; };
		8BFD5D781CBFBBC80040EC2B /* Model.cpp */ = {isa = PBXFileReference; fileEncoding = 4; lastKnownFileType = sourcecode.cpp.cpp; path = Model.cpp; sourceTree = "<group>"; };
		8BFD5D791CBFBBC80040EC2B /* Model.h */ = {isa = PBXFileReference; fileEncoding = 4; lastKnownFileType = sourcecode.c.h; path = Model.h; sourceTree = "<group>"; };
		8BFD5D7A1CBFBBC80040EC2B /* Navigation.cpp */ = {isa = PBXFileReference; fileEncoding = 4; lastKnownFileType = sourcecode.cpp.cpp; path = Navigation.cpp; sourceTree = "<group>"; };
		8BFD5D7B1CBFBBC80040EC2B /* Navigation.h */ = {isa = PBXFileReference; fileEncoding = 4; lastKnownFileType = sourcecode.c.h; path = Navigation.h; sourceTree = "<group>"; };
		8BFD5D7C1CBFBBC80040EC2B /* p6_main.cpp */ = {isa = PBXFileReference; fileEncoding = 4; lastKnownFileType = sourcecode.cpp.cpp; path = p6_main.cpp; sourceTree = "<group>"; };
		8BFD5D7D1CBFBBC80040EC2B /* Ship_factory.cpp */ = {isa = PBXFileReference; fileEncoding = 4; lastKnownFileType = sourcecode.cpp.cpp; path = Ship_factory.cpp; sourceTree = "<group>"; };
		8BFD5D7E1CBFBBC80040EC2B /* Ship_factory.h */ = {isa = PBXFileReference; fileEncoding = 4; lastKnownFileType = sourcecode.c.h; path = Ship_factory.h; sourceTree = "<group>"; };
		8BFD5D7F1CBFBBC80040EC2B /* Ship.cpp */ = {isa = PBXFileReference; fileEncoding = 4; lastKnownFileType = sourcecode.cpp.cpp; path = Ship.cpp; sourceTree = "<group>"; };
		8BFD5D801CBFBBC80040EC2B /* Ship.h */ = {isa = PBXFileReference; fileEncoding = 4; lastKnownFileType = sourcecode.c.h; path = Ship.h; sourceTree = "<group>"; };
		8BFD5D811CBFBBC80040EC2B /* Sim_object.cpp */ = {isa = PBXFileReference; fileEncoding = 4; lastKnownFileType = sourcecode.cpp.cpp; path = Sim_object.cpp; sourceTree = "<group>"; };
		8BFD5D821CBFBBC80040EC2B /* Sim_object.h */ = {isa = PBXFileReference; fileEncoding = 4; lastKnownFileType = sourcecode.c.h; path = Sim_object.h; sourceTree = "<group>"; };
		8BFD5D831CBFBBC80040EC2B /* Tanker.cpp */ = {isa = PBXFileReference; fileEncoding = 4; lastKnownFileType = sourcecode.cpp.cpp; path = Tanker.cpp; sourceTree = "<group>"; };
		8BFD5D841CBFBBC80040EC2B /* Tanker.h */ = {isa = PBXFileReference; fileEncoding = 4; lastKnownFileType = sourcecode.c.h; path = Tanker.h; sourceTree = "<group>"; };
		8BFD5D851CBFBBC80040EC2B /* Track_base.cpp */ = {isa = PBXFileReference; fileEncoding = 4; lastKnownFileType = sourcecode.cpp.cpp; path = Track_base.cpp; sourceTree = "<group>"; };
		8BFD5D861CBFBBC80040EC2B /* Track_base.h */ = {isa = PBXFileReference; fileEncoding = 4; lastKnownFileType = sourcecode.c.h; path = Track_base.h; sourceTree = "<group>"; };
		8BFD5D871CBFBBC80040EC2B /* Utility.cpp */ = {isa = PBXFileReference; fileEncoding = 4; lastKnownFileType = sourcecode.cpp.cpp; path = Utility.cpp; sourceTree = "<group>"; };
		8BFD5D881CBFBBC80040EC2B /* Utility.h */ = {isa = PBXFileReference; fileEncoding = 4; lastKnownFileType = sourcecode.c.h; path = Utility.h; sourceTree = "<group>"; };
		8BFD5D891CBFBBC80040EC2B /* View.cpp */ = {isa = PBXFileReference; fileEncoding = 4; lastKnownFileType = sourcecode.cpp.cpp; path = View.cpp; sourceTree = "<group>"; };
		8BFD5D8A1CBFBBC80040EC2B /* View.h */ = {isa = PBXFileReference; fileEncoding = 4; lastKnownFileType = sourcecode.c.h; path = View.h; sourceTree = "<group>"; };
		8BFD5D8D1CBFBBC80040EC2B /* Warships.cpp */ = {isa = PBXFileReference; fileEncoding = 4; lastKnownFileType = sourcecode.cpp.cpp; path = Warships.cpp; sourceTree = "<group>"; };
		8BFD5D8E1CBFBBC80040EC2B /* Warships.h */ = {isa = PBXFileReference; fileEncoding = 4; lastKnownFileType = sourcecode.c.h; path = Warships.h; sourceTree = "<group>"; };
		8BFD5D9F1CC15F120040EC2B /* Commandable.cpp */ = {isa = PBXFileReference; fileEncoding = 4; lastKnownFileType = sourcecode.cpp.cpp; path = Commandable.cpp; sourceTree = "<group>"; };
		8BFD5DA01CC15F120040EC2B /* Commandable.h */ = {isa = PBXFileReference; fileEncoding = 4; lastKnownFileType = sourcecode.c.h; path = Commandable.h; sourceTree = "<group>"; };
		8BFD5DA31CC166DD0040EC2B /* Group.h */ = {isa = PBXFileReference; fileEncoding = 4; lastKnownFileType = sourcecode.c.h; path = Group.h; sourceTree = "<group>"; };
		8BFD5DA61CC2DEDE0040EC2B /* Group.cpp */ = {isa = PBXFileReference; fileEncoding = 4; lastKnownFileType = sourcecode.cpp.cpp; path = Group.cpp; sourceTree = "<group>"; };
		EFED8BC91CC31F9E005D22D3 /* Refuel_ship.cpp */ = {isa = PBXFileReference; fileEncoding = 4; lastKnownFileType = sourcecode.cpp.cpp; path = Refuel_ship.cpp; sourceTree = "<group>"; };
		EFED8BCA1CC31F9E005D22D3 /* Refuel_ship.h */ = {isa = PBXFileReference; fileEncoding = 4; lastKnownFileType = sourcecode.c.h; path = Refuel_ship.h; sourceTree = "<group>"; };
		EFED8BCC1CC48DFF005D22D3 /* Grid_view.cpp */ = {isa = PBXFileReference; fileEncoding = 4; lastKnownFileType = sourcecode.cpp.cpp; path = Grid_view.cpp; sourceTree = "<group>"; };
		EFED8BCD1CC48DFF005D22D3 /* Grid_view.h */ = {isa = PBXFileReference; fileEncoding = 4; lastKnownFileType = sourcecode.c.h; path = Grid_view.h; sourceTree = "<group>"; };
		EFED8BD01CC48E58005D22D3 /* Map_view.cpp */ = {isa = PBXFileReference; fileEncoding = 4; lastKnownFileType = sourcecode.cpp.cpp; path = Map_view.cpp; sourceTree = "<group>"; };
		EFED8BD11CC48E58005D22D3 /* Map_view.h */ = {isa = PBXFileReference; fileEncoding = 4; lastKnownFileType = sourcecode.c.h; path = Map_view.h; sourceTree = "<group>"; };
		EFED8BD31CC48EC4005D22D3 /* Bridge_view.cpp */ = {isa = PBXFileReference; fileEncoding = 4; lastKnownFileType = sourcecode.cpp.cpp; path = Bridge_view.cpp; sourceTree = "<group>"; };
		EFED8BD41CC48EC4005D22D3 /* Bridge_view.h */ = {isa = PBXFileReference; fileEncoding = 4; lastKnownFileType = sourcecode.c.h; path = Bridge_view.h; sourceTree = "<group>"; };
		EFED8BD61CC48F35005D22D3 /* GPS_view.cpp */ = {isa = PBXFileReference; fileEncoding = 4; lastKnownFileType = sourcecode.cpp.cpp; path = GPS_view.cpp; sourceTree = "<group>"; };
		EFED8BD71CC48F35005D22D3 /* GPS_view.h */ = {isa = PBXFileReference; fileEncoding = 4; lastKnownFileType = sourcecode.c.h; path = GPS_view.h; sourceTree = "<group>"; };
		EFED8BD91CC48FE4005D22D3 /* Sailing_view.cpp */ = {isa = PBXFileReference; fileEncoding = 4; lastKnownFileType = sourcecode.cpp.cpp; path = Sailing_view.cpp; sourceTree = "<group>"; };
		EFED8BDA1CC48FE4005D22D3 /* Sailing_view.h */ = {isa = PBXFileReference; fileEncoding = 4; lastKnownFileType = sourcecode.c.h; path = Sailing_view.h; sourceTree = "<group>"; };
/* End PBXFileReference section */

/* Begin PBXFrameworksBuildPhase section */
		8BFD5D5E1CBF05DF0040EC2B /* Frameworks */ = {
			isa = PBXFrameworksBuildPhase;
			buildActionMask = 2147483647;
			files = (
			);
			runOnlyForDeploymentPostprocessing = 0;
		};
/* End PBXFrameworksBuildPhase section */

/* Begin PBXGroup section */
		8BFD5D581CBF05DF0040EC2B = {
			isa = PBXGroup;
			children = (
				8BFD5D631CBF05DF0040EC2B /* project6 */,
				8BFD5D621CBF05DF0040EC2B /* Products */,
			);
			sourceTree = "<group>";
		};
		8BFD5D621CBF05DF0040EC2B /* Products */ = {
			isa = PBXGroup;
			children = (
				8BFD5D611CBF05DF0040EC2B /* project6 */,
			);
			name = Products;
			sourceTree = "<group>";
		};
		8BFD5D631CBF05DF0040EC2B /* project6 */ = {
			isa = PBXGroup;
			children = (
				8BFD5D6F1CBFBBC80040EC2B /* Controller.cpp */,
				8BFD5D701CBFBBC80040EC2B /* Controller.h */,
				8BFD5D711CBFBBC80040EC2B /* Cruise_ship.cpp */,
				EFED8BC91CC31F9E005D22D3 /* Refuel_ship.cpp */,
				EFED8BCA1CC31F9E005D22D3 /* Refuel_ship.h */,
				8BFD5D721CBFBBC80040EC2B /* Cruise_ship.h */,
				8BFD5D731CBFBBC80040EC2B /* debug.sh */,
				8BFD5D741CBFBBC80040EC2B /* Geometry.cpp */,
				8BFD5D751CBFBBC80040EC2B /* Geometry.h */,
				8BFD5D761CBFBBC80040EC2B /* Island.cpp */,
				8BFD5D771CBFBBC80040EC2B /* Island.h */,
				8BFD5D781CBFBBC80040EC2B /* Model.cpp */,
				8BFD5D791CBFBBC80040EC2B /* Model.h */,
				8BFD5D7A1CBFBBC80040EC2B /* Navigation.cpp */,
				8BFD5D7B1CBFBBC80040EC2B /* Navigation.h */,
				8BFD5D7C1CBFBBC80040EC2B /* p6_main.cpp */,
				8BFD5D7D1CBFBBC80040EC2B /* Ship_factory.cpp */,
				8BFD5D7E1CBFBBC80040EC2B /* Ship_factory.h */,
				8BFD5D7F1CBFBBC80040EC2B /* Ship.cpp */,
				8BFD5D801CBFBBC80040EC2B /* Ship.h */,
				8BFD5D811CBFBBC80040EC2B /* Sim_object.cpp */,
				8BFD5D821CBFBBC80040EC2B /* Sim_object.h */,
				8BFD5D831CBFBBC80040EC2B /* Tanker.cpp */,
				8BFD5D841CBFBBC80040EC2B /* Tanker.h */,
				8BFD5D851CBFBBC80040EC2B /* Track_base.cpp */,
				8BFD5D861CBFBBC80040EC2B /* Track_base.h */,
				8BFD5D871CBFBBC80040EC2B /* Utility.cpp */,
				8BFD5D881CBFBBC80040EC2B /* Utility.h */,
				8BFD5D891CBFBBC80040EC2B /* View.cpp */,
				8BFD5D8A1CBFBBC80040EC2B /* View.h */,
				8BFD5D8D1CBFBBC80040EC2B /* Warships.cpp */,
				8BFD5D8E1CBFBBC80040EC2B /* Warships.h */,
				8BFD5D9F1CC15F120040EC2B /* Commandable.cpp */,
				8BFD5DA01CC15F120040EC2B /* Commandable.h */,
				8BFD5DA31CC166DD0040EC2B /* Group.h */,
				8BFD5DA61CC2DEDE0040EC2B /* Group.cpp */,
				EFED8BCC1CC48DFF005D22D3 /* Grid_view.cpp */,
				EFED8BCD1CC48DFF005D22D3 /* Grid_view.h */,
				EFED8BD01CC48E58005D22D3 /* Map_view.cpp */,
				EFED8BD11CC48E58005D22D3 /* Map_view.h */,
				EFED8BD61CC48F35005D22D3 /* GPS_view.cpp */,
				EFED8BD71CC48F35005D22D3 /* GPS_view.h */,
				EFED8BD31CC48EC4005D22D3 /* Bridge_view.cpp */,
				EFED8BD41CC48EC4005D22D3 /* Bridge_view.h */,
				EFED8BD91CC48FE4005D22D3 /* Sailing_view.cpp */,
				EFED8BDA1CC48FE4005D22D3 /* Sailing_view.h */,
			);
			path = project6;
			sourceTree = "<group>";
		};
/* End PBXGroup section */

/* Begin PBXNativeTarget section */
		8BFD5D601CBF05DF0040EC2B /* project6 */ = {
			isa = PBXNativeTarget;
			buildConfigurationList = 8BFD5D681CBF05DF0040EC2B /* Build configuration list for PBXNativeTarget "project6" */;
			buildPhases = (
				8BFD5D5D1CBF05DF0040EC2B /* Sources */,
				8BFD5D5E1CBF05DF0040EC2B /* Frameworks */,
				8BFD5D5F1CBF05DF0040EC2B /* CopyFiles */,
			);
			buildRules = (
			);
			dependencies = (
			);
			name = project6;
			productName = project6;
			productReference = 8BFD5D611CBF05DF0040EC2B /* project6 */;
			productType = "com.apple.product-type.tool";
		};
/* End PBXNativeTarget section */

/* Begin PBXProject section */
		8BFD5D591CBF05DF0040EC2B /* Project object */ = {
			isa = PBXProject;
			attributes = {
				LastUpgradeCheck = 0720;
				ORGANIZATIONNAME = umich;
				TargetAttributes = {
					8BFD5D601CBF05DF0040EC2B = {
						CreatedOnToolsVersion = 7.2.1;
					};
				};
			};
			buildConfigurationList = 8BFD5D5C1CBF05DF0040EC2B /* Build configuration list for PBXProject "project6" */;
			compatibilityVersion = "Xcode 3.2";
			developmentRegion = English;
			hasScannedForEncodings = 0;
			knownRegions = (
				en,
			);
			mainGroup = 8BFD5D581CBF05DF0040EC2B;
			productRefGroup = 8BFD5D621CBF05DF0040EC2B /* Products */;
			projectDirPath = "";
			projectRoot = "";
			targets = (
				8BFD5D601CBF05DF0040EC2B /* project6 */,
			);
		};
/* End PBXProject section */

/* Begin PBXSourcesBuildPhase section */
		8BFD5D5D1CBF05DF0040EC2B /* Sources */ = {
			isa = PBXSourcesBuildPhase;
			buildActionMask = 2147483647;
			files = (
				8BFD5D9B1CBFBBC80040EC2B /* Utility.cpp in Sources */,
				8BFD5DA71CC2DEDE0040EC2B /* Group.cpp in Sources */,
				8BFD5D921CBFBBC80040EC2B /* Island.cpp in Sources */,
				8BFD5D911CBFBBC80040EC2B /* Geometry.cpp in Sources */,
				8BFD5D9A1CBFBBC80040EC2B /* Track_base.cpp in Sources */,
				8BFD5D931CBFBBC80040EC2B /* Model.cpp in Sources */,
				8BFD5D991CBFBBC80040EC2B /* Tanker.cpp in Sources */,
				8BFD5D941CBFBBC80040EC2B /* Navigation.cpp in Sources */,
				EFED8BCB1CC31F9E005D22D3 /* Refuel_ship.cpp in Sources */,
				8BFD5DA11CC15F120040EC2B /* Commandable.cpp in Sources */,
				EFED8BD51CC48EC4005D22D3 /* Bridge_view.cpp in Sources */,
				8BFD5D951CBFBBC80040EC2B /* p6_main.cpp in Sources */,
				8BFD5D9C1CBFBBC80040EC2B /* View.cpp in Sources */,
				8BFD5D9E1CBFBBC80040EC2B /* Warships.cpp in Sources */,
				8BFD5D981CBFBBC80040EC2B /* Sim_object.cpp in Sources */,
				8BFD5D961CBFBBC80040EC2B /* Ship_factory.cpp in Sources */,
				8BFD5D901CBFBBC80040EC2B /* Cruise_ship.cpp in Sources */,
				EFED8BDB1CC48FE4005D22D3 /* Sailing_view.cpp in Sources */,
				8BFD5D8F1CBFBBC80040EC2B /* Controller.cpp in Sources */,
				EFED8BD21CC48E58005D22D3 /* Map_view.cpp in Sources */,
				EFED8BD81CC48F35005D22D3 /* GPS_view.cpp in Sources */,
				EFED8BCE1CC48DFF005D22D3 /* Grid_view.cpp in Sources */,
				8BFD5D971CBFBBC80040EC2B /* Ship.cpp in Sources */,
			);
			runOnlyForDeploymentPostprocessing = 0;
		};
/* End PBXSourcesBuildPhase section */

/* Begin XCBuildConfiguration section */
		8BFD5D661CBF05DF0040EC2B /* Debug */ = {
			isa = XCBuildConfiguration;
			buildSettings = {
				ALWAYS_SEARCH_USER_PATHS = NO;
				CLANG_CXX_LANGUAGE_STANDARD = "gnu++0x";
				CLANG_CXX_LIBRARY = "libc++";
				CLANG_ENABLE_MODULES = YES;
				CLANG_ENABLE_OBJC_ARC = YES;
				CLANG_WARN_BOOL_CONVERSION = YES;
				CLANG_WARN_CONSTANT_CONVERSION = YES;
				CLANG_WARN_DIRECT_OBJC_ISA_USAGE = YES_ERROR;
				CLANG_WARN_EMPTY_BODY = YES;
				CLANG_WARN_ENUM_CONVERSION = YES;
				CLANG_WARN_INT_CONVERSION = YES;
				CLANG_WARN_OBJC_ROOT_CLASS = YES_ERROR;
				CLANG_WARN_UNREACHABLE_CODE = YES;
				CLANG_WARN__DUPLICATE_METHOD_MATCH = YES;
				CODE_SIGN_IDENTITY = "-";
				COPY_PHASE_STRIP = NO;
				DEBUG_INFORMATION_FORMAT = dwarf;
				ENABLE_STRICT_OBJC_MSGSEND = YES;
				ENABLE_TESTABILITY = YES;
				GCC_C_LANGUAGE_STANDARD = gnu99;
				GCC_DYNAMIC_NO_PIC = NO;
				GCC_NO_COMMON_BLOCKS = YES;
				GCC_OPTIMIZATION_LEVEL = 0;
				GCC_PREPROCESSOR_DEFINITIONS = (
					"DEBUG=1",
					"$(inherited)",
				);
				GCC_WARN_64_TO_32_BIT_CONVERSION = YES;
				GCC_WARN_ABOUT_RETURN_TYPE = YES_ERROR;
				GCC_WARN_UNDECLARED_SELECTOR = YES;
				GCC_WARN_UNINITIALIZED_AUTOS = YES_AGGRESSIVE;
				GCC_WARN_UNUSED_FUNCTION = YES;
				GCC_WARN_UNUSED_VARIABLE = YES;
				MACOSX_DEPLOYMENT_TARGET = 10.10;
				MTL_ENABLE_DEBUG_INFO = YES;
				ONLY_ACTIVE_ARCH = YES;
				SDKROOT = macosx;
			};
			name = Debug;
		};
		8BFD5D671CBF05DF0040EC2B /* Release */ = {
			isa = XCBuildConfiguration;
			buildSettings = {
				ALWAYS_SEARCH_USER_PATHS = NO;
				CLANG_CXX_LANGUAGE_STANDARD = "gnu++0x";
				CLANG_CXX_LIBRARY = "libc++";
				CLANG_ENABLE_MODULES = YES;
				CLANG_ENABLE_OBJC_ARC = YES;
				CLANG_WARN_BOOL_CONVERSION = YES;
				CLANG_WARN_CONSTANT_CONVERSION = YES;
				CLANG_WARN_DIRECT_OBJC_ISA_USAGE = YES_ERROR;
				CLANG_WARN_EMPTY_BODY = YES;
				CLANG_WARN_ENUM_CONVERSION = YES;
				CLANG_WARN_INT_CONVERSION = YES;
				CLANG_WARN_OBJC_ROOT_CLASS = YES_ERROR;
				CLANG_WARN_UNREACHABLE_CODE = YES;
				CLANG_WARN__DUPLICATE_METHOD_MATCH = YES;
				CODE_SIGN_IDENTITY = "-";
				COPY_PHASE_STRIP = NO;
				DEBUG_INFORMATION_FORMAT = "dwarf-with-dsym";
				ENABLE_NS_ASSERTIONS = NO;
				ENABLE_STRICT_OBJC_MSGSEND = YES;
				GCC_C_LANGUAGE_STANDARD = gnu99;
				GCC_NO_COMMON_BLOCKS = YES;
				GCC_WARN_64_TO_32_BIT_CONVERSION = YES;
				GCC_WARN_ABOUT_RETURN_TYPE = YES_ERROR;
				GCC_WARN_UNDECLARED_SELECTOR = YES;
				GCC_WARN_UNINITIALIZED_AUTOS = YES_AGGRESSIVE;
				GCC_WARN_UNUSED_FUNCTION = YES;
				GCC_WARN_UNUSED_VARIABLE = YES;
				MACOSX_DEPLOYMENT_TARGET = 10.10;
				MTL_ENABLE_DEBUG_INFO = NO;
				SDKROOT = macosx;
			};
			name = Release;
		};
		8BFD5D691CBF05DF0040EC2B /* Debug */ = {
			isa = XCBuildConfiguration;
			buildSettings = {
				ARCHS = "$(NATIVE_ARCH_ACTUAL)";
				CLANG_CXX_LANGUAGE_STANDARD = "c++14";
				GCC_WARN_PEDANTIC = YES;
				PRODUCT_NAME = "$(TARGET_NAME)";
			};
			name = Debug;
		};
		8BFD5D6A1CBF05DF0040EC2B /* Release */ = {
			isa = XCBuildConfiguration;
			buildSettings = {
				ARCHS = "$(NATIVE_ARCH_ACTUAL)";
				CLANG_CXX_LANGUAGE_STANDARD = "c++14";
				GCC_WARN_PEDANTIC = YES;
				PRODUCT_NAME = "$(TARGET_NAME)";
			};
			name = Release;
		};
/* End XCBuildConfiguration section */

/* Begin XCConfigurationList section */
		8BFD5D5C1CBF05DF0040EC2B /* Build configuration list for PBXProject "project6" */ = {
			isa = XCConfigurationList;
			buildConfigurations = (
				8BFD5D661CBF05DF0040EC2B /* Debug */,
				8BFD5D671CBF05DF0040EC2B /* Release */,
			);
			defaultConfigurationIsVisible = 0;
			defaultConfigurationName = Release;
		};
		8BFD5D681CBF05DF0040EC2B /* Build configuration list for PBXNativeTarget "project6" */ = {
			isa = XCConfigurationList;
			buildConfigurations = (
				8BFD5D691CBF05DF0040EC2B /* Debug */,
				8BFD5D6A1CBF05DF0040EC2B /* Release */,
			);
			defaultConfigurationIsVisible = 0;
			defaultConfigurationName = Release;
		};
/* End XCConfigurationList section */
	};
	rootObject = 8BFD5D591CBF05DF0040EC2B /* Project object */;
}
